// !$*UTF8*$!
{
	archiveVersion = 1;
	classes = {
	};
	objectVersion = 50;
	objects = {

/* Begin PBXBuildFile section */
		227883B2250DA4DD004CFA1E /* AppDelegate.swift in Sources */ = {isa = PBXBuildFile; fileRef = 227883B1250DA4DD004CFA1E /* AppDelegate.swift */; };
		227883B4250DA4DD004CFA1E /* SceneDelegate.swift in Sources */ = {isa = PBXBuildFile; fileRef = 227883B3250DA4DD004CFA1E /* SceneDelegate.swift */; };
		227883B6250DA4DD004CFA1E /* EmojiArtDocumentView.swift in Sources */ = {isa = PBXBuildFile; fileRef = 227883B5250DA4DD004CFA1E /* EmojiArtDocumentView.swift */; };
		227883B8250DA4E1004CFA1E /* Assets.xcassets in Resources */ = {isa = PBXBuildFile; fileRef = 227883B7250DA4E1004CFA1E /* Assets.xcassets */; };
		227883BB250DA4E1004CFA1E /* Preview Assets.xcassets in Resources */ = {isa = PBXBuildFile; fileRef = 227883BA250DA4E1004CFA1E /* Preview Assets.xcassets */; };
		227883BE250DA4E1004CFA1E /* LaunchScreen.storyboard in Resources */ = {isa = PBXBuildFile; fileRef = 227883BC250DA4E1004CFA1E /* LaunchScreen.storyboard */; };
		227883C6250DA544004CFA1E /* EmojiArtDocument.swift in Sources */ = {isa = PBXBuildFile; fileRef = 227883C5250DA544004CFA1E /* EmojiArtDocument.swift */; };
		227883C8250DABEC004CFA1E /* EmojiArt.swift in Sources */ = {isa = PBXBuildFile; fileRef = 227883C7250DABEC004CFA1E /* EmojiArt.swift */; };
		227883CA250DB0F3004CFA1E /* EmojiArtExtensions.swift in Sources */ = {isa = PBXBuildFile; fileRef = 227883C9250DB0F3004CFA1E /* EmojiArtExtensions.swift */; };
/* End PBXBuildFile section */

/* Begin PBXFileReference section */
		227883AE250DA4DD004CFA1E /* EmojiArt.app */ = {isa = PBXFileReference; explicitFileType = wrapper.application; includeInIndex = 0; path = EmojiArt.app; sourceTree = BUILT_PRODUCTS_DIR; };
		227883B1250DA4DD004CFA1E /* AppDelegate.swift */ = {isa = PBXFileReference; lastKnownFileType = sourcecode.swift; path = AppDelegate.swift; sourceTree = "<group>"; };
		227883B3250DA4DD004CFA1E /* SceneDelegate.swift */ = {isa = PBXFileReference; lastKnownFileType = sourcecode.swift; path = SceneDelegate.swift; sourceTree = "<group>"; };
		227883B5250DA4DD004CFA1E /* EmojiArtDocumentView.swift */ = {isa = PBXFileReference; lastKnownFileType = sourcecode.swift; path = EmojiArtDocumentView.swift; sourceTree = "<group>"; };
		227883B7250DA4E1004CFA1E /* Assets.xcassets */ = {isa = PBXFileReference; lastKnownFileType = folder.assetcatalog; path = Assets.xcassets; sourceTree = "<group>"; };
		227883BA250DA4E1004CFA1E /* Preview Assets.xcassets */ = {isa = PBXFileReference; lastKnownFileType = folder.assetcatalog; path = "Preview Assets.xcassets"; sourceTree = "<group>"; };
		227883BD250DA4E1004CFA1E /* Base */ = {isa = PBXFileReference; lastKnownFileType = file.storyboard; name = Base; path = Base.lproj/LaunchScreen.storyboard; sourceTree = "<group>"; };
		227883BF250DA4E1004CFA1E /* Info.plist */ = {isa = PBXFileReference; lastKnownFileType = text.plist.xml; path = Info.plist; sourceTree = "<group>"; };
		227883C5250DA544004CFA1E /* EmojiArtDocument.swift */ = {isa = PBXFileReference; lastKnownFileType = sourcecode.swift; path = EmojiArtDocument.swift; sourceTree = "<group>"; };
		227883C7250DABEC004CFA1E /* EmojiArt.swift */ = {isa = PBXFileReference; lastKnownFileType = sourcecode.swift; path = EmojiArt.swift; sourceTree = "<group>"; };
		227883C9250DB0F3004CFA1E /* EmojiArtExtensions.swift */ = {isa = PBXFileReference; fileEncoding = 4; lastKnownFileType = sourcecode.swift; path = EmojiArtExtensions.swift; sourceTree = "<group>"; };
/* End PBXFileReference section */

/* Begin PBXFrameworksBuildPhase section */
		227883AB250DA4DD004CFA1E /* Frameworks */ = {
			isa = PBXFrameworksBuildPhase;
			buildActionMask = 2147483647;
			files = (
			);
			runOnlyForDeploymentPostprocessing = 0;
		};
/* End PBXFrameworksBuildPhase section */

/* Begin PBXGroup section */
		227883A5250DA4DD004CFA1E = {
			isa = PBXGroup;
			children = (
				227883B0250DA4DD004CFA1E /* EmojiArt */,
				227883AF250DA4DD004CFA1E /* Products */,
			);
			sourceTree = "<group>";
		};
		227883AF250DA4DD004CFA1E /* Products */ = {
			isa = PBXGroup;
			children = (
				227883AE250DA4DD004CFA1E /* EmojiArt.app */,
			);
			name = Products;
			sourceTree = "<group>";
		};
		227883B0250DA4DD004CFA1E /* EmojiArt */ = {
			isa = PBXGroup;
			children = (
				227883C5250DA544004CFA1E /* EmojiArtDocument.swift */,
				227883B1250DA4DD004CFA1E /* AppDelegate.swift */,
				227883B3250DA4DD004CFA1E /* SceneDelegate.swift */,
				227883B5250DA4DD004CFA1E /* EmojiArtDocumentView.swift */,
				227883C9250DB0F3004CFA1E /* EmojiArtExtensions.swift */,
				227883C7250DABEC004CFA1E /* EmojiArt.swift */,
				227883B7250DA4E1004CFA1E /* Assets.xcassets */,
				227883BC250DA4E1004CFA1E /* LaunchScreen.storyboard */,
				227883BF250DA4E1004CFA1E /* Info.plist */,
				227883B9250DA4E1004CFA1E /* Preview Content */,
			);
			path = EmojiArt;
			sourceTree = "<group>";
		};
		227883B9250DA4E1004CFA1E /* Preview Content */ = {
			isa = PBXGroup;
			children = (
				227883BA250DA4E1004CFA1E /* Preview Assets.xcassets */,
			);
			path = "Preview Content";
			sourceTree = "<group>";
		};
/* End PBXGroup section */

/* Begin PBXNativeTarget section */
		227883AD250DA4DD004CFA1E /* EmojiArt */ = {
			isa = PBXNativeTarget;
			buildConfigurationList = 227883C2250DA4E1004CFA1E /* Build configuration list for PBXNativeTarget "EmojiArt" */;
			buildPhases = (
				227883AA250DA4DD004CFA1E /* Sources */,
				227883AB250DA4DD004CFA1E /* Frameworks */,
				227883AC250DA4DD004CFA1E /* Resources */,
			);
			buildRules = (
			);
			dependencies = (
			);
			name = EmojiArt;
			productName = EmojiArt;
			productReference = 227883AE250DA4DD004CFA1E /* EmojiArt.app */;
			productType = "com.apple.product-type.application";
		};
/* End PBXNativeTarget section */

/* Begin PBXProject section */
		227883A6250DA4DD004CFA1E /* Project object */ = {
			isa = PBXProject;
			attributes = {
				LastSwiftUpdateCheck = 1170;
				LastUpgradeCheck = 1170;
				ORGANIZATIONNAME = "Mauricio Bedoya";
				TargetAttributes = {
					227883AD250DA4DD004CFA1E = {
						CreatedOnToolsVersion = 11.7;
					};
				};
			};
			buildConfigurationList = 227883A9250DA4DD004CFA1E /* Build configuration list for PBXProject "EmojiArt" */;
			compatibilityVersion = "Xcode 9.3";
			developmentRegion = en;
			hasScannedForEncodings = 0;
			knownRegions = (
				en,
				Base,
			);
			mainGroup = 227883A5250DA4DD004CFA1E;
			productRefGroup = 227883AF250DA4DD004CFA1E /* Products */;
			projectDirPath = "";
			projectRoot = "";
			targets = (
				227883AD250DA4DD004CFA1E /* EmojiArt */,
			);
		};
/* End PBXProject section */

/* Begin PBXResourcesBuildPhase section */
		227883AC250DA4DD004CFA1E /* Resources */ = {
			isa = PBXResourcesBuildPhase;
			buildActionMask = 2147483647;
			files = (
				227883BE250DA4E1004CFA1E /* LaunchScreen.storyboard in Resources */,
				227883BB250DA4E1004CFA1E /* Preview Assets.xcassets in Resources */,
				227883B8250DA4E1004CFA1E /* Assets.xcassets in Resources */,
			);
			runOnlyForDeploymentPostprocessing = 0;
		};
/* End PBXResourcesBuildPhase section */

/* Begin PBXSourcesBuildPhase section */
		227883AA250DA4DD004CFA1E /* Sources */ = {
			isa = PBXSourcesBuildPhase;
			buildActionMask = 2147483647;
			files = (
				227883B2250DA4DD004CFA1E /* AppDelegate.swift in Sources */,
				227883B4250DA4DD004CFA1E /* SceneDelegate.swift in Sources */,
				227883CA250DB0F3004CFA1E /* EmojiArtExtensions.swift in Sources */,
				227883C8250DABEC004CFA1E /* EmojiArt.swift in Sources */,
				227883B6250DA4DD004CFA1E /* EmojiArtDocumentView.swift in Sources */,
				227883C6250DA544004CFA1E /* EmojiArtDocument.swift in Sources */,
			);
			runOnlyForDeploymentPostprocessing = 0;
		};
/* End PBXSourcesBuildPhase section */

/* Begin PBXVariantGroup section */
		227883BC250DA4E1004CFA1E /* LaunchScreen.storyboard */ = {
			isa = PBXVariantGroup;
			children = (
				227883BD250DA4E1004CFA1E /* Base */,
			);
			name = LaunchScreen.storyboard;
			sourceTree = "<group>";
		};
/* End PBXVariantGroup section */

/* Begin XCBuildConfiguration section */
		227883C0250DA4E1004CFA1E /* Debug */ = {
			isa = XCBuildConfiguration;
			buildSettings = {
				ALWAYS_SEARCH_USER_PATHS = NO;
				CLANG_ANALYZER_NONNULL = YES;
				CLANG_ANALYZER_NUMBER_OBJECT_CONVERSION = YES_AGGRESSIVE;
				CLANG_CXX_LANGUAGE_STANDARD = "gnu++14";
				CLANG_CXX_LIBRARY = "libc++";
				CLANG_ENABLE_MODULES = YES;
				CLANG_ENABLE_OBJC_ARC = YES;
				CLANG_ENABLE_OBJC_WEAK = YES;
				CLANG_WARN_BLOCK_CAPTURE_AUTORELEASING = YES;
				CLANG_WARN_BOOL_CONVERSION = YES;
				CLANG_WARN_COMMA = YES;
				CLANG_WARN_CONSTANT_CONVERSION = YES;
				CLANG_WARN_DEPRECATED_OBJC_IMPLEMENTATIONS = YES;
				CLANG_WARN_DIRECT_OBJC_ISA_USAGE = YES_ERROR;
				CLANG_WARN_DOCUMENTATION_COMMENTS = YES;
				CLANG_WARN_EMPTY_BODY = YES;
				CLANG_WARN_ENUM_CONVERSION = YES;
				CLANG_WARN_INFINITE_RECURSION = YES;
				CLANG_WARN_INT_CONVERSION = YES;
				CLANG_WARN_NON_LITERAL_NULL_CONVERSION = YES;
				CLANG_WARN_OBJC_IMPLICIT_RETAIN_SELF = YES;
				CLANG_WARN_OBJC_LITERAL_CONVERSION = YES;
				CLANG_WARN_OBJC_ROOT_CLASS = YES_ERROR;
				CLANG_WARN_RANGE_LOOP_ANALYSIS = YES;
				CLANG_WARN_STRICT_PROTOTYPES = YES;
				CLANG_WARN_SUSPICIOUS_MOVE = YES;
				CLANG_WARN_UNGUARDED_AVAILABILITY = YES_AGGRESSIVE;
				CLANG_WARN_UNREACHABLE_CODE = YES;
				CLANG_WARN__DUPLICATE_METHOD_MATCH = YES;
				COPY_PHASE_STRIP = NO;
				DEBUG_INFORMATION_FORMAT = dwarf;
				ENABLE_STRICT_OBJC_MSGSEND = YES;
				ENABLE_TESTABILITY = YES;
				GCC_C_LANGUAGE_STANDARD = gnu11;
				GCC_DYNAMIC_NO_PIC = NO;
				GCC_NO_COMMON_BLOCKS = YES;
				GCC_OPTIMIZATION_LEVEL = 0;
				GCC_PREPROCESSOR_DEFINITIONS = (
					"DEBUG=1",
					"$(inherited)",
				);
				GCC_WARN_64_TO_32_BIT_CONVERSION = YES;
				GCC_WARN_ABOUT_RETURN_TYPE = YES_ERROR;
				GCC_WARN_UNDECLARED_SELECTOR = YES;
				GCC_WARN_UNINITIALIZED_AUTOS = YES_AGGRESSIVE;
				GCC_WARN_UNUSED_FUNCTION = YES;
				GCC_WARN_UNUSED_VARIABLE = YES;
				IPHONEOS_DEPLOYMENT_TARGET = 13.7;
				MTL_ENABLE_DEBUG_INFO = INCLUDE_SOURCE;
				MTL_FAST_MATH = YES;
				ONLY_ACTIVE_ARCH = YES;
				SDKROOT = iphoneos;
				SWIFT_ACTIVE_COMPILATION_CONDITIONS = DEBUG;
				SWIFT_OPTIMIZATION_LEVEL = "-Onone";
			};
			name = Debug;
		};
		227883C1250DA4E1004CFA1E /* Release */ = {
			isa = XCBuildConfiguration;
			buildSettings = {
				ALWAYS_SEARCH_USER_PATHS = NO;
				CLANG_ANALYZER_NONNULL = YES;
				CLANG_ANALYZER_NUMBER_OBJECT_CONVERSION = YES_AGGRESSIVE;
				CLANG_CXX_LANGUAGE_STANDARD = "gnu++14";
				CLANG_CXX_LIBRARY = "libc++";
				CLANG_ENABLE_MODULES = YES;
				CLANG_ENABLE_OBJC_ARC = YES;
				CLANG_ENABLE_OBJC_WEAK = YES;
				CLANG_WARN_BLOCK_CAPTURE_AUTORELEASING = YES;
				CLANG_WARN_BOOL_CONVERSION = YES;
				CLANG_WARN_COMMA = YES;
				CLANG_WARN_CONSTANT_CONVERSION = YES;
				CLANG_WARN_DEPRECATED_OBJC_IMPLEMENTATIONS = YES;
				CLANG_WARN_DIRECT_OBJC_ISA_USAGE = YES_ERROR;
				CLANG_WARN_DOCUMENTATION_COMMENTS = YES;
				CLANG_WARN_EMPTY_BODY = YES;
				CLANG_WARN_ENUM_CONVERSION = YES;
				CLANG_WARN_INFINITE_RECURSION = YES;
				CLANG_WARN_INT_CONVERSION = YES;
				CLANG_WARN_NON_LITERAL_NULL_CONVERSION = YES;
				CLANG_WARN_OBJC_IMPLICIT_RETAIN_SELF = YES;
				CLANG_WARN_OBJC_LITERAL_CONVERSION = YES;
				CLANG_WARN_OBJC_ROOT_CLASS = YES_ERROR;
				CLANG_WARN_RANGE_LOOP_ANALYSIS = YES;
				CLANG_WARN_STRICT_PROTOTYPES = YES;
				CLANG_WARN_SUSPICIOUS_MOVE = YES;
				CLANG_WARN_UNGUARDED_AVAILABILITY = YES_AGGRESSIVE;
				CLANG_WARN_UNREACHABLE_CODE = YES;
				CLANG_WARN__DUPLICATE_METHOD_MATCH = YES;
				COPY_PHASE_STRIP = NO;
				DEBUG_INFORMATION_FORMAT = "dwarf-with-dsym";
				ENABLE_NS_ASSERTIONS = NO;
				ENABLE_STRICT_OBJC_MSGSEND = YES;
				GCC_C_LANGUAGE_STANDARD = gnu11;
				GCC_NO_COMMON_BLOCKS = YES;
				GCC_WARN_64_TO_32_BIT_CONVERSION = YES;
				GCC_WARN_ABOUT_RETURN_TYPE = YES_ERROR;
				GCC_WARN_UNDECLARED_SELECTOR = YES;
				GCC_WARN_UNINITIALIZED_AUTOS = YES_AGGRESSIVE;
				GCC_WARN_UNUSED_FUNCTION = YES;
				GCC_WARN_UNUSED_VARIABLE = YES;
				IPHONEOS_DEPLOYMENT_TARGET = 13.7;
				MTL_ENABLE_DEBUG_INFO = NO;
				MTL_FAST_MATH = YES;
				SDKROOT = iphoneos;
				SWIFT_COMPILATION_MODE = wholemodule;
				SWIFT_OPTIMIZATION_LEVEL = "-O";
				VALIDATE_PRODUCT = YES;
			};
			name = Release;
		};
		227883C3250DA4E1004CFA1E /* Debug */ = {
			isa = XCBuildConfiguration;
			buildSettings = {
				ASSETCATALOG_COMPILER_APPICON_NAME = AppIcon;
				CODE_SIGN_STYLE = Automatic;
				DEVELOPMENT_ASSET_PATHS = "\"EmojiArt/Preview Content\"";
				DEVELOPMENT_TEAM = 9XL6RG9C3X;
				ENABLE_PREVIEWS = YES;
				INFOPLIST_FILE = EmojiArt/Info.plist;
				LD_RUNPATH_SEARCH_PATHS = (
					"$(inherited)",
					"@executable_path/Frameworks",
				);
				PRODUCT_BUNDLE_IDENTIFIER = com.telluriac.cs193p.enginseer.EmojiArt;
				PRODUCT_NAME = "$(TARGET_NAME)";
				SWIFT_VERSION = 5.0;
				TARGETED_DEVICE_FAMILY = "1,2";
			};
			name = Debug;
		};
		227883C4250DA4E1004CFA1E /* Release */ = {
			isa = XCBuildConfiguration;
			buildSettings = {
				ASSETCATALOG_COMPILER_APPICON_NAME = AppIcon;
				CODE_SIGN_STYLE = Automatic;
				DEVELOPMENT_ASSET_PATHS = "\"EmojiArt/Preview Content\"";
				DEVELOPMENT_TEAM = 9XL6RG9C3X;
				ENABLE_PREVIEWS = YES;
				INFOPLIST_FILE = EmojiArt/Info.plist;
				LD_RUNPATH_SEARCH_PATHS = (
					"$(inherited)",
					"@executable_path/Frameworks",
				);
				PRODUCT_BUNDLE_IDENTIFIER = com.telluriac.cs193p.enginseer.EmojiArt;
				PRODUCT_NAME = "$(TARGET_NAME)";
				SWIFT_VERSION = 5.0;
				TARGETED_DEVICE_FAMILY = "1,2";
			};
			name = Release;
		};
/* End XCBuildConfiguration section */

/* Begin XCConfigurationList section */
		227883A9250DA4DD004CFA1E /* Build configuration list for PBXProject "EmojiArt" */ = {
			isa = XCConfigurationList;
			buildConfigurations = (
				227883C0250DA4E1004CFA1E /* Debug */,
				227883C1250DA4E1004CFA1E /* Release */,
			);
			defaultConfigurationIsVisible = 0;
			defaultConfigurationName = Release;
		};
		227883C2250DA4E1004CFA1E /* Build configuration list for PBXNativeTarget "EmojiArt" */ = {
			isa = XCConfigurationList;
			buildConfigurations = (
				227883C3250DA4E1004CFA1E /* Debug */,
				227883C4250DA4E1004CFA1E /* Release */,
			);
			defaultConfigurationIsVisible = 0;
			defaultConfigurationName = Release;
		};
/* End XCConfigurationList section */
	};
	rootObject = 227883A6250DA4DD004CFA1E /* Project object */;
}
